
Microsoft Visual Studio Solution File, Format Version 12.00
# Visual Studio 15
VisualStudioVersion = 15.0.28010.2016
MinimumVisualStudioVersion = 10.0.40219.1
Project("{FAE04EC0-301F-11D3-BF4B-00C04F79EFBC}") = "TempDir", "TempDir\TempDir.csproj", "{E73550FE-588B-4E1F-AA01-DA4C38079500}"
EndProject
Project("{FAE04EC0-301F-11D3-BF4B-00C04F79EFBC}") = "TempDir.Test", "TempDir.Test\TempDir.Test.csproj", "{4FF012EB-B2C7-4ED0-8532-FA57F936781D}"
EndProject
Global
	GlobalSection(SolutionConfigurationPlatforms) = preSolution
		Debug|Any CPU = Debug|Any CPU
		Release|Any CPU = Release|Any CPU
	EndGlobalSection
	GlobalSection(ProjectConfigurationPlatforms) = postSolution
		{E73550FE-588B-4E1F-AA01-DA4C38079500}.Debug|Any CPU.ActiveCfg = Debug|Any CPU
		{E73550FE-588B-4E1F-AA01-DA4C38079500}.Debug|Any CPU.Build.0 = Debug|Any CPU
		{E73550FE-588B-4E1F-AA01-DA4C38079500}.Release|Any CPU.ActiveCfg = Release|Any CPU
		{E73550FE-588B-4E1F-AA01-DA4C38079500}.Release|Any CPU.Build.0 = Release|Any CPU
		{4FF012EB-B2C7-4ED0-8532-FA57F936781D}.Debug|Any CPU.ActiveCfg = Debug|Any CPU
		{4FF012EB-B2C7-4ED0-8532-FA57F936781D}.Debug|Any CPU.Build.0 = Debug|Any CPU
		{4FF012EB-B2C7-4ED0-8532-FA57F936781D}.Release|Any CPU.ActiveCfg = Release|Any CPU
		{4FF012EB-B2C7-4ED0-8532-FA57F936781D}.Release|Any CPU.Build.0 = Release|Any CPU
	EndGlobalSection
	GlobalSection(SolutionProperties) = preSolution
		HideSolutionNode = FALSE
	EndGlobalSection
	GlobalSection(ExtensibilityGlobals) = postSolution
		SolutionGuid = {2A4E0E19-8C32-4BA2-ABD2-7E854710E941}
	EndGlobalSection
EndGlobal
